
Microsoft Visual Studio Solution File, Format Version 12.00
# Visual Studio 15
VisualStudioVersion = 15.0.28010.2003
MinimumVisualStudioVersion = 10.0.40219.1
Project("{FAE04EC0-301F-11D3-BF4B-00C04F79EFBC}") = "MicroServiceCategory.API", "MicroServiceCategory.API\MicroServiceCategory.API.csproj", "{37D2FDF5-DF0F-4ABD-860F-A4D7B2989D93}"
EndProject
Global
	GlobalSection(SolutionConfigurationPlatforms) = preSolution
		Debug|Any CPU = Debug|Any CPU
		Release|Any CPU = Release|Any CPU
	EndGlobalSection
	GlobalSection(ProjectConfigurationPlatforms) = postSolution
		{37D2FDF5-DF0F-4ABD-860F-A4D7B2989D93}.Debug|Any CPU.ActiveCfg = Debug|Any CPU
		{37D2FDF5-DF0F-4ABD-860F-A4D7B2989D93}.Debug|Any CPU.Build.0 = Debug|Any CPU
		{37D2FDF5-DF0F-4ABD-860F-A4D7B2989D93}.Release|Any CPU.ActiveCfg = Release|Any CPU
		{37D2FDF5-DF0F-4ABD-860F-A4D7B2989D93}.Release|Any CPU.Build.0 = Release|Any CPU
	EndGlobalSection
	GlobalSection(SolutionProperties) = preSolution
		HideSolutionNode = FALSE
	EndGlobalSection
	GlobalSection(ExtensibilityGlobals) = postSolution
		SolutionGuid = {AB766E93-9877-4776-8DA1-C41A460B85F4}
	EndGlobalSection
EndGlobal
